{
  "name": "horcrux",
  "version": "0.1.0",
  "lockfileVersion": 1,
  "requires": true,
  "dependencies": {
    "electron-react-devtools": {
      "version": "0.5.3",
      "resolved": "https://registry.npmjs.org/electron-react-devtools/-/electron-react-devtools-0.5.3.tgz",
      "integrity": "sha1-x07bEkXcHP4TgLkwFs1OtYjtALc=",
      "dev": true
    }
  }
}
